// !$*UTF8*$!
{
	archiveVersion = 1;
	classes = {
	};
	objectVersion = 56;
	objects = {

/* Begin PBXBuildFile section */
		0F4179A22BF3A09000C7ABF4 /* Reachability in Frameworks */ = {isa = PBXBuildFile; productRef = 0F4179A12BF3A09000C7ABF4 /* Reachability */; };
		0F4773062BF534D4007BF9BC /* FavouriteLeagueCellNip.swift in Sources */ = {isa = PBXBuildFile; fileRef = 0F4773042BF534D4007BF9BC /* FavouriteLeagueCellNip.swift */; };
		0F4773072BF534D4007BF9BC /* FavouriteLeagueCellNip.xib in Resources */ = {isa = PBXBuildFile; fileRef = 0F4773052BF534D4007BF9BC /* FavouriteLeagueCellNip.xib */; };
		0F5B729A2BF2A053003BFE1C /* FavouriteTableViewController.swift in Sources */ = {isa = PBXBuildFile; fileRef = 0F5B72992BF2A053003BFE1C /* FavouriteTableViewController.swift */; };
		0F5B729D2BF2A069003BFE1C /* FavouriteViewModel.swift in Sources */ = {isa = PBXBuildFile; fileRef = 0F5B729C2BF2A069003BFE1C /* FavouriteViewModel.swift */; };
		0F5B729F2BF2A09D003BFE1C /* DataBaseHelper.swift in Sources */ = {isa = PBXBuildFile; fileRef = 0F5B729E2BF2A09D003BFE1C /* DataBaseHelper.swift */; };
		0F5B72A22BF2A0E8003BFE1C /* LeagueDetails.swift in Sources */ = {isa = PBXBuildFile; fileRef = 0F5B72A12BF2A0E8003BFE1C /* LeagueDetails.swift */; };
		0F5E08DF2BEF8CF200821DDB /* Cosmos in Frameworks */ = {isa = PBXBuildFile; productRef = 0F5E08DE2BEF8CF200821DDB /* Cosmos */; };
		0F5E08E22BEF8D2A00821DDB /* Alamofire in Frameworks */ = {isa = PBXBuildFile; productRef = 0F5E08E12BEF8D2A00821DDB /* Alamofire */; };
		0F5E08E42BEF8D2A00821DDB /* AlamofireDynamic in Frameworks */ = {isa = PBXBuildFile; productRef = 0F5E08E32BEF8D2A00821DDB /* AlamofireDynamic */; };
		0F5FC4502BF4D7CE0000137A /* loader.json in Resources */ = {isa = PBXBuildFile; fileRef = 0F5FC44F2BF4D7CD0000137A /* loader.json */; };
		0F5FC4532BF4D7E50000137A /* Kingfisher in Frameworks */ = {isa = PBXBuildFile; productRef = 0F5FC4522BF4D7E50000137A /* Kingfisher */; };
		0F632BE82BEE5AA700040594 /* MainScreenCollectionViewCell.swift in Sources */ = {isa = PBXBuildFile; fileRef = 0F632BE72BEE5AA700040594 /* MainScreenCollectionViewCell.swift */; };
		0F632BEA2BEE5BAD00040594 /* MainScreenCollectionViewController.swift in Sources */ = {isa = PBXBuildFile; fileRef = 0F632BE92BEE5BAD00040594 /* MainScreenCollectionViewController.swift */; };
		0F632BEC2BEE5F3E00040594 /* Sports.swift in Sources */ = {isa = PBXBuildFile; fileRef = 0F632BEB2BEE5F3E00040594 /* Sports.swift */; };
		0F9063FC2BEF8FE500B01BEA /* LeaguesViewModel.swift in Sources */ = {isa = PBXBuildFile; fileRef = 0F9063FB2BEF8FE500B01BEA /* LeaguesViewModel.swift */; };
		0FDC8AB02BEEC4AC008B7C6F /* Test.storyboard in Resources */ = {isa = PBXBuildFile; fileRef = 0FDC8AAF2BEEC4AC008B7C6F /* Test.storyboard */; };
		0FDC8AB22BEEC634008B7C6F /* LeaguesTableViewCell.swift in Sources */ = {isa = PBXBuildFile; fileRef = 0FDC8AB12BEEC634008B7C6F /* LeaguesTableViewCell.swift */; };
		0FDC8AB42BEEC6B7008B7C6F /* LeaguesTableViewController.swift in Sources */ = {isa = PBXBuildFile; fileRef = 0FDC8AB32BEEC6B7008B7C6F /* LeaguesTableViewController.swift */; };
		6E9EDD402BED2968007589DE /* AppDelegate.swift in Sources */ = {isa = PBXBuildFile; fileRef = 6E9EDD3F2BED2968007589DE /* AppDelegate.swift */; };
		6E9EDD422BED2968007589DE /* SceneDelegate.swift in Sources */ = {isa = PBXBuildFile; fileRef = 6E9EDD412BED2968007589DE /* SceneDelegate.swift */; };
		6E9EDD442BED2968007589DE /* ViewController.swift in Sources */ = {isa = PBXBuildFile; fileRef = 6E9EDD432BED2968007589DE /* ViewController.swift */; };
		6E9EDD472BED2968007589DE /* Base in Resources */ = {isa = PBXBuildFile; fileRef = 6E9EDD462BED2968007589DE /* Base */; };
		6E9EDD4A2BED2968007589DE /* SportSync.xcdatamodeld in Sources */ = {isa = PBXBuildFile; fileRef = 6E9EDD482BED2968007589DE /* SportSync.xcdatamodeld */; };
		6E9EDD4C2BED296B007589DE /* Assets.xcassets in Resources */ = {isa = PBXBuildFile; fileRef = 6E9EDD4B2BED296B007589DE /* Assets.xcassets */; };
		6E9EDD4F2BED296B007589DE /* Base in Resources */ = {isa = PBXBuildFile; fileRef = 6E9EDD4E2BED296B007589DE /* Base */; };
		6EA3020D2BEEF1DB0052806E /* Team.swift in Sources */ = {isa = PBXBuildFile; fileRef = 6EA3020C2BEEF1DB0052806E /* Team.swift */; };
		6EA3020F2BEEF3130052806E /* TeamViewModel.swift in Sources */ = {isa = PBXBuildFile; fileRef = 6EA3020E2BEEF3130052806E /* TeamViewModel.swift */; };
		6EA302152BEEF5F90052806E /* LeagueDetailsViewModel.swift in Sources */ = {isa = PBXBuildFile; fileRef = 6EA302142BEEF5F90052806E /* LeagueDetailsViewModel.swift */; };
		6EA887EB2BF3E60A00F7C1D2 /* Lottie in Frameworks */ = {isa = PBXBuildFile; productRef = 6EA887EA2BF3E60A00F7C1D2 /* Lottie */; };
		6EA887F42BF3FD2F00F7C1D2 /* TeamDetailsViewController.swift in Sources */ = {isa = PBXBuildFile; fileRef = 6EA887F32BF3FD2F00F7C1D2 /* TeamDetailsViewController.swift */; };
		6EA887F82BF401D600F7C1D2 /* TableViewCell.swift in Sources */ = {isa = PBXBuildFile; fileRef = 6EA887F62BF401D600F7C1D2 /* TableViewCell.swift */; };
		6EA887F92BF401D600F7C1D2 /* TableViewCell.xib in Resources */ = {isa = PBXBuildFile; fileRef = 6EA887F72BF401D600F7C1D2 /* TableViewCell.xib */; };
		6EB4F6822BF157FB00BE5D89 /* TeamsCollectionViewCell.swift in Sources */ = {isa = PBXBuildFile; fileRef = 6EB4F6802BF157FB00BE5D89 /* TeamsCollectionViewCell.swift */; };
		6EB4F6832BF157FB00BE5D89 /* TeamsCollectionViewCell.xib in Resources */ = {isa = PBXBuildFile; fileRef = 6EB4F6812BF157FB00BE5D89 /* TeamsCollectionViewCell.xib */; };
		6EB516542BEFD53300C695A7 /* UpComingEventsCollectionViewCell.swift in Sources */ = {isa = PBXBuildFile; fileRef = 6EB516522BEFD53200C695A7 /* UpComingEventsCollectionViewCell.swift */; };
		6EB516552BEFD53300C695A7 /* UpComingEventsCollectionViewCell.xib in Resources */ = {isa = PBXBuildFile; fileRef = 6EB516532BEFD53200C695A7 /* UpComingEventsCollectionViewCell.xib */; };
		6EB516652BF0115300C695A7 /* LatestResultsCollectionViewCell.swift in Sources */ = {isa = PBXBuildFile; fileRef = 6EB516632BF0115300C695A7 /* LatestResultsCollectionViewCell.swift */; };
		6EB516662BF0115300C695A7 /* LatestResultsCollectionViewCell.xib in Resources */ = {isa = PBXBuildFile; fileRef = 6EB516642BF0115300C695A7 /* LatestResultsCollectionViewCell.xib */; };
		6EBAF0402BF12C91003E1B07 /* SectionHeaderCell.swift in Sources */ = {isa = PBXBuildFile; fileRef = 6EBAF03E2BF12C91003E1B07 /* SectionHeaderCell.swift */; };
		6EBAF0412BF12C91003E1B07 /* SectionHeaderCell.xib in Resources */ = {isa = PBXBuildFile; fileRef = 6EBAF03F2BF12C91003E1B07 /* SectionHeaderCell.xib */; };
		6EC7083F2BEF885500F9BEED /* NetworkManger.swift in Sources */ = {isa = PBXBuildFile; fileRef = 6EC7083E2BEF885500F9BEED /* NetworkManger.swift */; };
		6EC7084F2BEF892A00F9BEED /* Connectivity.swift in Sources */ = {isa = PBXBuildFile; fileRef = 6EC7084E2BEF892A00F9BEED /* Connectivity.swift */; };
		6EE63AD22BEE849F00465D7C /* Constants.swift in Sources */ = {isa = PBXBuildFile; fileRef = 6EE63AD12BEE849F00465D7C /* Constants.swift */; };
		6EE63ADD2BEE862500465D7C /* Utility.swift in Sources */ = {isa = PBXBuildFile; fileRef = 6EE63ADC2BEE862500465D7C /* Utility.swift */; };
		6EE63ADF2BEE88E100465D7C /* League.swift in Sources */ = {isa = PBXBuildFile; fileRef = 6EE63ADE2BEE88E100465D7C /* League.swift */; };
		6EE63AE12BEE8C0E00465D7C /* Events.swift in Sources */ = {isa = PBXBuildFile; fileRef = 6EE63AE02BEE8C0E00465D7C /* Events.swift */; };
/* End PBXBuildFile section */

/* Begin PBXFileReference section */
		0F4773042BF534D4007BF9BC /* FavouriteLeagueCellNip.swift */ = {isa = PBXFileReference; lastKnownFileType = sourcecode.swift; path = FavouriteLeagueCellNip.swift; sourceTree = "<group>"; };
		0F4773052BF534D4007BF9BC /* FavouriteLeagueCellNip.xib */ = {isa = PBXFileReference; lastKnownFileType = file.xib; path = FavouriteLeagueCellNip.xib; sourceTree = "<group>"; };
		0F5B72992BF2A053003BFE1C /* FavouriteTableViewController.swift */ = {isa = PBXFileReference; lastKnownFileType = sourcecode.swift; path = FavouriteTableViewController.swift; sourceTree = "<group>"; };
		0F5B729C2BF2A069003BFE1C /* FavouriteViewModel.swift */ = {isa = PBXFileReference; lastKnownFileType = sourcecode.swift; path = FavouriteViewModel.swift; sourceTree = "<group>"; };
		0F5B729E2BF2A09D003BFE1C /* DataBaseHelper.swift */ = {isa = PBXFileReference; lastKnownFileType = sourcecode.swift; path = DataBaseHelper.swift; sourceTree = "<group>"; };
		0F5B72A12BF2A0E8003BFE1C /* LeagueDetails.swift */ = {isa = PBXFileReference; lastKnownFileType = sourcecode.swift; path = LeagueDetails.swift; sourceTree = "<group>"; };
		0F5FC44F2BF4D7CD0000137A /* loader.json */ = {isa = PBXFileReference; fileEncoding = 4; lastKnownFileType = text.json; name = loader.json; path = ../../../Downloads/loader.json; sourceTree = "<group>"; };
		0F632BE72BEE5AA700040594 /* MainScreenCollectionViewCell.swift */ = {isa = PBXFileReference; lastKnownFileType = sourcecode.swift; path = MainScreenCollectionViewCell.swift; sourceTree = "<group>"; };
		0F632BE92BEE5BAD00040594 /* MainScreenCollectionViewController.swift */ = {isa = PBXFileReference; lastKnownFileType = sourcecode.swift; path = MainScreenCollectionViewController.swift; sourceTree = "<group>"; };
		0F632BEB2BEE5F3E00040594 /* Sports.swift */ = {isa = PBXFileReference; lastKnownFileType = sourcecode.swift; path = Sports.swift; sourceTree = "<group>"; };
		0F9063FB2BEF8FE500B01BEA /* LeaguesViewModel.swift */ = {isa = PBXFileReference; lastKnownFileType = sourcecode.swift; path = LeaguesViewModel.swift; sourceTree = "<group>"; };
		0FDC8AAF2BEEC4AC008B7C6F /* Test.storyboard */ = {isa = PBXFileReference; lastKnownFileType = file.storyboard; path = Test.storyboard; sourceTree = "<group>"; };
		0FDC8AB12BEEC634008B7C6F /* LeaguesTableViewCell.swift */ = {isa = PBXFileReference; lastKnownFileType = sourcecode.swift; path = LeaguesTableViewCell.swift; sourceTree = "<group>"; };
		0FDC8AB32BEEC6B7008B7C6F /* LeaguesTableViewController.swift */ = {isa = PBXFileReference; lastKnownFileType = sourcecode.swift; path = LeaguesTableViewController.swift; sourceTree = "<group>"; };
		6E9EDD3C2BED2968007589DE /* SportSync.app */ = {isa = PBXFileReference; explicitFileType = wrapper.application; includeInIndex = 0; path = SportSync.app; sourceTree = BUILT_PRODUCTS_DIR; };
		6E9EDD3F2BED2968007589DE /* AppDelegate.swift */ = {isa = PBXFileReference; lastKnownFileType = sourcecode.swift; path = AppDelegate.swift; sourceTree = "<group>"; };
		6E9EDD412BED2968007589DE /* SceneDelegate.swift */ = {isa = PBXFileReference; lastKnownFileType = sourcecode.swift; path = SceneDelegate.swift; sourceTree = "<group>"; };
		6E9EDD432BED2968007589DE /* ViewController.swift */ = {isa = PBXFileReference; lastKnownFileType = sourcecode.swift; path = ViewController.swift; sourceTree = "<group>"; };
		6E9EDD462BED2968007589DE /* Base */ = {isa = PBXFileReference; lastKnownFileType = file.storyboard; name = Base; path = Base.lproj/Main.storyboard; sourceTree = "<group>"; };
		6E9EDD492BED2968007589DE /* SportSync.xcdatamodel */ = {isa = PBXFileReference; lastKnownFileType = wrapper.xcdatamodel; path = SportSync.xcdatamodel; sourceTree = "<group>"; };
		6E9EDD4B2BED296B007589DE /* Assets.xcassets */ = {isa = PBXFileReference; lastKnownFileType = folder.assetcatalog; path = Assets.xcassets; sourceTree = "<group>"; };
		6E9EDD4E2BED296B007589DE /* Base */ = {isa = PBXFileReference; lastKnownFileType = file.storyboard; name = Base; path = Base.lproj/LaunchScreen.storyboard; sourceTree = "<group>"; };
		6E9EDD502BED296B007589DE /* Info.plist */ = {isa = PBXFileReference; lastKnownFileType = text.plist.xml; path = Info.plist; sourceTree = "<group>"; };
		6EA3020C2BEEF1DB0052806E /* Team.swift */ = {isa = PBXFileReference; lastKnownFileType = sourcecode.swift; path = Team.swift; sourceTree = "<group>"; };
		6EA3020E2BEEF3130052806E /* TeamViewModel.swift */ = {isa = PBXFileReference; lastKnownFileType = sourcecode.swift; path = TeamViewModel.swift; sourceTree = "<group>"; };
		6EA302142BEEF5F90052806E /* LeagueDetailsViewModel.swift */ = {isa = PBXFileReference; lastKnownFileType = sourcecode.swift; path = LeagueDetailsViewModel.swift; sourceTree = "<group>"; };
		6EA887F32BF3FD2F00F7C1D2 /* TeamDetailsViewController.swift */ = {isa = PBXFileReference; lastKnownFileType = sourcecode.swift; path = TeamDetailsViewController.swift; sourceTree = "<group>"; };
		6EA887F62BF401D600F7C1D2 /* TableViewCell.swift */ = {isa = PBXFileReference; lastKnownFileType = sourcecode.swift; path = TableViewCell.swift; sourceTree = "<group>"; };
		6EA887F72BF401D600F7C1D2 /* TableViewCell.xib */ = {isa = PBXFileReference; lastKnownFileType = file.xib; path = TableViewCell.xib; sourceTree = "<group>"; };
		6EB4F6802BF157FB00BE5D89 /* TeamsCollectionViewCell.swift */ = {isa = PBXFileReference; lastKnownFileType = sourcecode.swift; path = TeamsCollectionViewCell.swift; sourceTree = "<group>"; };
		6EB4F6812BF157FB00BE5D89 /* TeamsCollectionViewCell.xib */ = {isa = PBXFileReference; lastKnownFileType = file.xib; path = TeamsCollectionViewCell.xib; sourceTree = "<group>"; };
		6EB516522BEFD53200C695A7 /* UpComingEventsCollectionViewCell.swift */ = {isa = PBXFileReference; lastKnownFileType = sourcecode.swift; path = UpComingEventsCollectionViewCell.swift; sourceTree = "<group>"; };
		6EB516532BEFD53200C695A7 /* UpComingEventsCollectionViewCell.xib */ = {isa = PBXFileReference; lastKnownFileType = file.xib; path = UpComingEventsCollectionViewCell.xib; sourceTree = "<group>"; };
		6EB516632BF0115300C695A7 /* LatestResultsCollectionViewCell.swift */ = {isa = PBXFileReference; lastKnownFileType = sourcecode.swift; path = LatestResultsCollectionViewCell.swift; sourceTree = "<group>"; };
		6EB516642BF0115300C695A7 /* LatestResultsCollectionViewCell.xib */ = {isa = PBXFileReference; lastKnownFileType = file.xib; path = LatestResultsCollectionViewCell.xib; sourceTree = "<group>"; };
		6EBAF03E2BF12C91003E1B07 /* SectionHeaderCell.swift */ = {isa = PBXFileReference; lastKnownFileType = sourcecode.swift; path = SectionHeaderCell.swift; sourceTree = "<group>"; };
		6EBAF03F2BF12C91003E1B07 /* SectionHeaderCell.xib */ = {isa = PBXFileReference; lastKnownFileType = file.xib; path = SectionHeaderCell.xib; sourceTree = "<group>"; };
		6EC7083E2BEF885500F9BEED /* NetworkManger.swift */ = {isa = PBXFileReference; lastKnownFileType = sourcecode.swift; path = NetworkManger.swift; sourceTree = "<group>"; };
		6EC7084E2BEF892A00F9BEED /* Connectivity.swift */ = {isa = PBXFileReference; lastKnownFileType = sourcecode.swift; path = Connectivity.swift; sourceTree = "<group>"; };
		6EE63AD12BEE849F00465D7C /* Constants.swift */ = {isa = PBXFileReference; lastKnownFileType = sourcecode.swift; path = Constants.swift; sourceTree = "<group>"; };
		6EE63ADC2BEE862500465D7C /* Utility.swift */ = {isa = PBXFileReference; lastKnownFileType = sourcecode.swift; path = Utility.swift; sourceTree = "<group>"; };
		6EE63ADE2BEE88E100465D7C /* League.swift */ = {isa = PBXFileReference; lastKnownFileType = sourcecode.swift; path = League.swift; sourceTree = "<group>"; };
		6EE63AE02BEE8C0E00465D7C /* Events.swift */ = {isa = PBXFileReference; lastKnownFileType = sourcecode.swift; path = Events.swift; sourceTree = "<group>"; };
/* End PBXFileReference section */

/* Begin PBXFrameworksBuildPhase section */
		6E9EDD392BED2968007589DE /* Frameworks */ = {
			isa = PBXFrameworksBuildPhase;
			buildActionMask = 2147483647;
			files = (
				0F5FC4532BF4D7E50000137A /* Kingfisher in Frameworks */,
				0F5E08E22BEF8D2A00821DDB /* Alamofire in Frameworks */,
				0F5E08E42BEF8D2A00821DDB /* AlamofireDynamic in Frameworks */,
				0F4179A22BF3A09000C7ABF4 /* Reachability in Frameworks */,
				0F5E08DF2BEF8CF200821DDB /* Cosmos in Frameworks */,
				6EA887EB2BF3E60A00F7C1D2 /* Lottie in Frameworks */,
			);
			runOnlyForDeploymentPostprocessing = 0;
		};
/* End PBXFrameworksBuildPhase section */

/* Begin PBXGroup section */
		0F5B72972BF2A02E003BFE1C /* FavouriteScreen */ = {
			isa = PBXGroup;
			children = (
				0F5B72A02BF2A0D2003BFE1C /* Model */,
				0F5B729B2BF2A05B003BFE1C /* ViewModel */,
				0F5B72982BF2A038003BFE1C /* View */,
			);
			path = FavouriteScreen;
			sourceTree = "<group>";
		};
		0F5B72982BF2A038003BFE1C /* View */ = {
			isa = PBXGroup;
			children = (
				0F5B72992BF2A053003BFE1C /* FavouriteTableViewController.swift */,
			);
			path = View;
			sourceTree = "<group>";
		};
		0F5B729B2BF2A05B003BFE1C /* ViewModel */ = {
			isa = PBXGroup;
			children = (
				0F5B729C2BF2A069003BFE1C /* FavouriteViewModel.swift */,
			);
			path = ViewModel;
			sourceTree = "<group>";
		};
		0F5B72A02BF2A0D2003BFE1C /* Model */ = {
			isa = PBXGroup;
			children = (
				0F5B72A12BF2A0E8003BFE1C /* LeagueDetails.swift */,
			);
			path = Model;
			sourceTree = "<group>";
		};
		0F9063FD2BEF90B200B01BEA /* View */ = {
			isa = PBXGroup;
			children = (
				0F632BE92BEE5BAD00040594 /* MainScreenCollectionViewController.swift */,
				0F632BE72BEE5AA700040594 /* MainScreenCollectionViewCell.swift */,
			);
			path = View;
			sourceTree = "<group>";
		};
		0F9063FE2BEF910700B01BEA /* Model */ = {
			isa = PBXGroup;
			children = (
				0F632BEB2BEE5F3E00040594 /* Sports.swift */,
			);
			path = Model;
			sourceTree = "<group>";
		};
		6E05FDB52BEEDBE8005349D9 /* AllSportLeague */ = {
			isa = PBXGroup;
			children = (
				6E05FDB82BEEDCEF005349D9 /* ViewModel */,
				6E05FDB72BEEDCC5005349D9 /* Model */,
				6E05FDB62BEEDC0D005349D9 /* View */,
			);
			path = AllSportLeague;
			sourceTree = "<group>";
		};
		6E05FDB62BEEDC0D005349D9 /* View */ = {
			isa = PBXGroup;
			children = (
				0FDC8AB12BEEC634008B7C6F /* LeaguesTableViewCell.swift */,
				0FDC8AB32BEEC6B7008B7C6F /* LeaguesTableViewController.swift */,
			);
			path = View;
			sourceTree = "<group>";
		};
		6E05FDB72BEEDCC5005349D9 /* Model */ = {
			isa = PBXGroup;
			children = (
				6EE63ADE2BEE88E100465D7C /* League.swift */,
			);
			path = Model;
			sourceTree = "<group>";
		};
		6E05FDB82BEEDCEF005349D9 /* ViewModel */ = {
			isa = PBXGroup;
			children = (
				0F9063FB2BEF8FE500B01BEA /* LeaguesViewModel.swift */,
			);
			path = ViewModel;
			sourceTree = "<group>";
		};
		6E58384A2BEE775800C5ECD3 /* View */ = {
			isa = PBXGroup;
			children = (
				6EB4F6852BF15B5B00BE5D89 /* Cells */,
				6E9EDD452BED2968007589DE /* Main.storyboard */,
				6E9EDD4D2BED296B007589DE /* LaunchScreen.storyboard */,
				0F4773042BF534D4007BF9BC /* FavouriteLeagueCellNip.swift */,
				0F4773052BF534D4007BF9BC /* FavouriteLeagueCellNip.xib */,
			);
			path = View;
			sourceTree = "<group>";
		};
		6E58384B2BEE776F00C5ECD3 /* Modules */ = {
			isa = PBXGroup;
			children = (
				0F5B72972BF2A02E003BFE1C /* FavouriteScreen */,
				6EA302102BEEF5850052806E /* LeagueDetails */,
				6EE63AD52BEE857400465D7C /* TeamDeatils */,
				6E05FDB52BEEDBE8005349D9 /* AllSportLeague */,
				6EE63AD32BEE853100465D7C /* HomeScreen */,
			);
			path = Modules;
			sourceTree = "<group>";
		};
		6E58384C2BEE77AB00C5ECD3 /* Services */ = {
			isa = PBXGroup;
			children = (
				6EC708342BEF768A00F9BEED /* CoreData */,
				6E58384D2BEE788100C5ECD3 /* Network */,
			);
			path = Services;
			sourceTree = "<group>";
		};
		6E58384D2BEE788100C5ECD3 /* Network */ = {
			isa = PBXGroup;
			children = (
				6E5838512BEE78FF00C5ECD3 /* Networking */,
				6E58384E2BEE78BD00C5ECD3 /* Connectivity */,
			);
			path = Network;
			sourceTree = "<group>";
		};
		6E58384E2BEE78BD00C5ECD3 /* Connectivity */ = {
			isa = PBXGroup;
			children = (
				6EC7084E2BEF892A00F9BEED /* Connectivity.swift */,
			);
			path = Connectivity;
			sourceTree = "<group>";
		};
		6E5838512BEE78FF00C5ECD3 /* Networking */ = {
			isa = PBXGroup;
			children = (
				6E5838522BEE791C00C5ECD3 /* Base */,
			);
			path = Networking;
			sourceTree = "<group>";
		};
		6E5838522BEE791C00C5ECD3 /* Base */ = {
			isa = PBXGroup;
			children = (
				6EC7083E2BEF885500F9BEED /* NetworkManger.swift */,
			);
			path = Base;
			sourceTree = "<group>";
		};
		6E9EDD332BED2968007589DE = {
			isa = PBXGroup;
			children = (
				6E9EDD3E2BED2968007589DE /* SportSync */,
				6E9EDD3D2BED2968007589DE /* Products */,
			);
			sourceTree = "<group>";
		};
		6E9EDD3D2BED2968007589DE /* Products */ = {
			isa = PBXGroup;
			children = (
				6E9EDD3C2BED2968007589DE /* SportSync.app */,
			);
			name = Products;
			sourceTree = "<group>";
		};
		6E9EDD3E2BED2968007589DE /* SportSync */ = {
			isa = PBXGroup;
			children = (
				6E58384C2BEE77AB00C5ECD3 /* Services */,
				6E58384B2BEE776F00C5ECD3 /* Modules */,
				6E58384A2BEE775800C5ECD3 /* View */,
				6EE63AD02BEE848900465D7C /* Utilities */,
				6EC708332BEF762100F9BEED /* Configuration */,
				0F5FC44F2BF4D7CD0000137A /* loader.json */,
				6EA887EE2BF3E8CC00F7C1D2 /* Assets */,
				6E9EDD502BED296B007589DE /* Info.plist */,
				6E9EDD3F2BED2968007589DE /* AppDelegate.swift */,
				6E9EDD412BED2968007589DE /* SceneDelegate.swift */,
				6E9EDD482BED2968007589DE /* SportSync.xcdatamodeld */,
				0FDC8AAF2BEEC4AC008B7C6F /* Test.storyboard */,
			);
			path = SportSync;
			sourceTree = "<group>";
		};
		6EA302102BEEF5850052806E /* LeagueDetails */ = {
			isa = PBXGroup;
			children = (
				6EA302132BEEF5A10052806E /* ViewModel */,
				6EA302122BEEF59B0052806E /* Model */,
				6EA302112BEEF5950052806E /* View */,
			);
			path = LeagueDetails;
			sourceTree = "<group>";
		};
		6EA302112BEEF5950052806E /* View */ = {
			isa = PBXGroup;
			children = (
				6EB4F6862BF15BB200BE5D89 /* Extension */,
				6EB516512BEFD4CB00C695A7 /* Cells */,
				6E9EDD432BED2968007589DE /* ViewController.swift */,
			);
			path = View;
			sourceTree = "<group>";
		};
		6EA302122BEEF59B0052806E /* Model */ = {
			isa = PBXGroup;
			children = (
				6EE63AE02BEE8C0E00465D7C /* Events.swift */,
			);
			path = Model;
			sourceTree = "<group>";
		};
		6EA302132BEEF5A10052806E /* ViewModel */ = {
			isa = PBXGroup;
			children = (
				6EA302142BEEF5F90052806E /* LeagueDetailsViewModel.swift */,
			);
			path = ViewModel;
			sourceTree = "<group>";
		};
		6EA887EE2BF3E8CC00F7C1D2 /* Assets */ = {
			isa = PBXGroup;
			children = (
				6E9EDD4B2BED296B007589DE /* Assets.xcassets */,
			);
			path = Assets;
			sourceTree = "<group>";
		};
		6EA887F52BF4016A00F7C1D2 /* Cell */ = {
			isa = PBXGroup;
			children = (
				6EA887F62BF401D600F7C1D2 /* TableViewCell.swift */,
				6EA887F72BF401D600F7C1D2 /* TableViewCell.xib */,
			);
			path = Cell;
			sourceTree = "<group>";
		};
		6EB4F6842BF158A200BE5D89 /* Teams */ = {
			isa = PBXGroup;
			children = (
				6EB4F6802BF157FB00BE5D89 /* TeamsCollectionViewCell.swift */,
			);
			path = Teams;
			sourceTree = "<group>";
		};
		6EB4F6852BF15B5B00BE5D89 /* Cells */ = {
			isa = PBXGroup;
			children = (
				6EB4F6812BF157FB00BE5D89 /* TeamsCollectionViewCell.xib */,
				6EBAF03F2BF12C91003E1B07 /* SectionHeaderCell.xib */,
				6EB516642BF0115300C695A7 /* LatestResultsCollectionViewCell.xib */,
				6EB516532BEFD53200C695A7 /* UpComingEventsCollectionViewCell.xib */,
			);
			path = Cells;
			sourceTree = "<group>";
		};
		6EB4F6862BF15BB200BE5D89 /* Extension */ = {
			isa = PBXGroup;
			children = (
			);
			path = Extension;
			sourceTree = "<group>";
		};
		6EB516512BEFD4CB00C695A7 /* Cells */ = {
			isa = PBXGroup;
			children = (
				6EB4F6842BF158A200BE5D89 /* Teams */,
				6EBAF03D2BF12C81003E1B07 /* SectionHeader */,
				6EB516622BF010FB00C695A7 /* LatestResult */,
				6EB516562BF0061B00C695A7 /* UpComingEvents */,
			);
			path = Cells;
			sourceTree = "<group>";
		};
		6EB516562BF0061B00C695A7 /* UpComingEvents */ = {
			isa = PBXGroup;
			children = (
				6EB516522BEFD53200C695A7 /* UpComingEventsCollectionViewCell.swift */,
			);
			path = UpComingEvents;
			sourceTree = "<group>";
		};
		6EB516622BF010FB00C695A7 /* LatestResult */ = {
			isa = PBXGroup;
			children = (
				6EB516632BF0115300C695A7 /* LatestResultsCollectionViewCell.swift */,
			);
			path = LatestResult;
			sourceTree = "<group>";
		};
		6EBAF03D2BF12C81003E1B07 /* SectionHeader */ = {
			isa = PBXGroup;
			children = (
				6EBAF03E2BF12C91003E1B07 /* SectionHeaderCell.swift */,
			);
			path = SectionHeader;
			sourceTree = "<group>";
		};
		6EC708332BEF762100F9BEED /* Configuration */ = {
			isa = PBXGroup;
			children = (
			);
			path = Configuration;
			sourceTree = "<group>";
		};
		6EC708342BEF768A00F9BEED /* CoreData */ = {
			isa = PBXGroup;
			children = (
				0F5B729E2BF2A09D003BFE1C /* DataBaseHelper.swift */,
			);
			path = CoreData;
			sourceTree = "<group>";
		};
		6EE63AD02BEE848900465D7C /* Utilities */ = {
			isa = PBXGroup;
			children = (
				6EE63AD12BEE849F00465D7C /* Constants.swift */,
				6EE63ADC2BEE862500465D7C /* Utility.swift */,
			);
			path = Utilities;
			sourceTree = "<group>";
		};
		6EE63AD32BEE853100465D7C /* HomeScreen */ = {
			isa = PBXGroup;
			children = (
				0F9063FE2BEF910700B01BEA /* Model */,
				0F9063FD2BEF90B200B01BEA /* View */,
			);
			path = HomeScreen;
			sourceTree = "<group>";
		};
		6EE63AD52BEE857400465D7C /* TeamDeatils */ = {
			isa = PBXGroup;
			children = (
				6EE63ADB2BEE85F500465D7C /* Model */,
				6EE63AD72BEE859200465D7C /* View */,
				6EE63AD62BEE858200465D7C /* ViewModel */,
			);
			path = TeamDeatils;
			sourceTree = "<group>";
		};
		6EE63AD62BEE858200465D7C /* ViewModel */ = {
			isa = PBXGroup;
			children = (
				6EA3020E2BEEF3130052806E /* TeamViewModel.swift */,
			);
			path = ViewModel;
			sourceTree = "<group>";
		};
		6EE63AD72BEE859200465D7C /* View */ = {
			isa = PBXGroup;
			children = (
				6EA887F52BF4016A00F7C1D2 /* Cell */,
				6EA887F32BF3FD2F00F7C1D2 /* TeamDetailsViewController.swift */,
			);
			path = View;
			sourceTree = "<group>";
		};
		6EE63ADB2BEE85F500465D7C /* Model */ = {
			isa = PBXGroup;
			children = (
				6EA3020C2BEEF1DB0052806E /* Team.swift */,
			);
			path = Model;
			sourceTree = "<group>";
		};
/* End PBXGroup section */

/* Begin PBXNativeTarget section */
		6E9EDD3B2BED2968007589DE /* SportSync */ = {
			isa = PBXNativeTarget;
			buildConfigurationList = 6E9EDD532BED296B007589DE /* Build configuration list for PBXNativeTarget "SportSync" */;
			buildPhases = (
				6E9EDD382BED2968007589DE /* Sources */,
				6E9EDD392BED2968007589DE /* Frameworks */,
				6E9EDD3A2BED2968007589DE /* Resources */,
			);
			buildRules = (
			);
			dependencies = (
			);
			name = SportSync;
			packageProductDependencies = (
				0F5E08DE2BEF8CF200821DDB /* Cosmos */,
				0F5E08E12BEF8D2A00821DDB /* Alamofire */,
				0F5E08E32BEF8D2A00821DDB /* AlamofireDynamic */,
				0F4179A12BF3A09000C7ABF4 /* Reachability */,
				6EA887EA2BF3E60A00F7C1D2 /* Lottie */,
				0F5FC4522BF4D7E50000137A /* Kingfisher */,
			);
			productName = SportSync;
			productReference = 6E9EDD3C2BED2968007589DE /* SportSync.app */;
			productType = "com.apple.product-type.application";
		};
/* End PBXNativeTarget section */

/* Begin PBXProject section */
		6E9EDD342BED2968007589DE /* Project object */ = {
			isa = PBXProject;
			attributes = {
				BuildIndependentTargetsInParallel = 1;
				LastSwiftUpdateCheck = 1530;
				LastUpgradeCheck = 1530;
				TargetAttributes = {
					6E9EDD3B2BED2968007589DE = {
						CreatedOnToolsVersion = 15.3;
					};
				};
			};
			buildConfigurationList = 6E9EDD372BED2968007589DE /* Build configuration list for PBXProject "SportSync" */;
			compatibilityVersion = "Xcode 14.0";
			developmentRegion = en;
			hasScannedForEncodings = 0;
			knownRegions = (
				en,
				Base,
			);
			mainGroup = 6E9EDD332BED2968007589DE;
			packageReferences = (
				0F5E08DD2BEF8CF200821DDB /* XCRemoteSwiftPackageReference "Cosmos" */,
				0F5E08E02BEF8D2A00821DDB /* XCRemoteSwiftPackageReference "Alamofire" */,
				0F4179A02BF3A09000C7ABF4 /* XCRemoteSwiftPackageReference "Reachability" */,
				6EA887E92BF3E60A00F7C1D2 /* XCRemoteSwiftPackageReference "lottie-spm" */,
				0F5FC4512BF4D7E50000137A /* XCRemoteSwiftPackageReference "Kingfisher" */,
			);
			productRefGroup = 6E9EDD3D2BED2968007589DE /* Products */;
			projectDirPath = "";
			projectRoot = "";
			targets = (
				6E9EDD3B2BED2968007589DE /* SportSync */,
			);
		};
/* End PBXProject section */

/* Begin PBXResourcesBuildPhase section */
		6E9EDD3A2BED2968007589DE /* Resources */ = {
			isa = PBXResourcesBuildPhase;
			buildActionMask = 2147483647;
			files = (
				0F4773072BF534D4007BF9BC /* FavouriteLeagueCellNip.xib in Resources */,
				6E9EDD4C2BED296B007589DE /* Assets.xcassets in Resources */,
				6EA887F92BF401D600F7C1D2 /* TableViewCell.xib in Resources */,
				0F5FC4502BF4D7CE0000137A /* loader.json in Resources */,
				6EB516552BEFD53300C695A7 /* UpComingEventsCollectionViewCell.xib in Resources */,
				6EB516662BF0115300C695A7 /* LatestResultsCollectionViewCell.xib in Resources */,
				6E9EDD4F2BED296B007589DE /* Base in Resources */,
				6EBAF0412BF12C91003E1B07 /* SectionHeaderCell.xib in Resources */,
				6E9EDD472BED2968007589DE /* Base in Resources */,
				0FDC8AB02BEEC4AC008B7C6F /* Test.storyboard in Resources */,
				6EB4F6832BF157FB00BE5D89 /* TeamsCollectionViewCell.xib in Resources */,
			);
			runOnlyForDeploymentPostprocessing = 0;
		};
/* End PBXResourcesBuildPhase section */

/* Begin PBXSourcesBuildPhase section */
		6E9EDD382BED2968007589DE /* Sources */ = {
			isa = PBXSourcesBuildPhase;
			buildActionMask = 2147483647;
			files = (
				0FDC8AB42BEEC6B7008B7C6F /* LeaguesTableViewController.swift in Sources */,
				6EA887F42BF3FD2F00F7C1D2 /* TeamDetailsViewController.swift in Sources */,
				0F632BEC2BEE5F3E00040594 /* Sports.swift in Sources */,
				0F632BE82BEE5AA700040594 /* MainScreenCollectionViewCell.swift in Sources */,
				0F9063FC2BEF8FE500B01BEA /* LeaguesViewModel.swift in Sources */,
				6EC7083F2BEF885500F9BEED /* NetworkManger.swift in Sources */,
				0F632BEA2BEE5BAD00040594 /* MainScreenCollectionViewController.swift in Sources */,
				0FDC8AB22BEEC634008B7C6F /* LeaguesTableViewCell.swift in Sources */,
				6EA3020D2BEEF1DB0052806E /* Team.swift in Sources */,
				0F5B729D2BF2A069003BFE1C /* FavouriteViewModel.swift in Sources */,
				6EBAF0402BF12C91003E1B07 /* SectionHeaderCell.swift in Sources */,
				6EA302152BEEF5F90052806E /* LeagueDetailsViewModel.swift in Sources */,
				6E9EDD442BED2968007589DE /* ViewController.swift in Sources */,
				6EB4F6822BF157FB00BE5D89 /* TeamsCollectionViewCell.swift in Sources */,
				6EA887F82BF401D600F7C1D2 /* TableViewCell.swift in Sources */,
				6E9EDD402BED2968007589DE /* AppDelegate.swift in Sources */,
				6E9EDD422BED2968007589DE /* SceneDelegate.swift in Sources */,
				0F4773062BF534D4007BF9BC /* FavouriteLeagueCellNip.swift in Sources */,
				0F5B72A22BF2A0E8003BFE1C /* LeagueDetails.swift in Sources */,
				6EE63AE12BEE8C0E00465D7C /* Events.swift in Sources */,
				0F5B729F2BF2A09D003BFE1C /* DataBaseHelper.swift in Sources */,
				6EC7084F2BEF892A00F9BEED /* Connectivity.swift in Sources */,
				6E9EDD4A2BED2968007589DE /* SportSync.xcdatamodeld in Sources */,
				6EA3020F2BEEF3130052806E /* TeamViewModel.swift in Sources */,
				0F5B729A2BF2A053003BFE1C /* FavouriteTableViewController.swift in Sources */,
				6EE63ADD2BEE862500465D7C /* Utility.swift in Sources */,
				6EB516652BF0115300C695A7 /* LatestResultsCollectionViewCell.swift in Sources */,
				6EE63ADF2BEE88E100465D7C /* League.swift in Sources */,
				6EB516542BEFD53300C695A7 /* UpComingEventsCollectionViewCell.swift in Sources */,
				6EE63AD22BEE849F00465D7C /* Constants.swift in Sources */,
			);
			runOnlyForDeploymentPostprocessing = 0;
		};
/* End PBXSourcesBuildPhase section */

/* Begin PBXVariantGroup section */
		6E9EDD452BED2968007589DE /* Main.storyboard */ = {
			isa = PBXVariantGroup;
			children = (
				6E9EDD462BED2968007589DE /* Base */,
			);
			name = Main.storyboard;
			sourceTree = "<group>";
		};
		6E9EDD4D2BED296B007589DE /* LaunchScreen.storyboard */ = {
			isa = PBXVariantGroup;
			children = (
				6E9EDD4E2BED296B007589DE /* Base */,
			);
			name = LaunchScreen.storyboard;
			sourceTree = "<group>";
		};
/* End PBXVariantGroup section */

/* Begin XCBuildConfiguration section */
		6E9EDD512BED296B007589DE /* Debug */ = {
			isa = XCBuildConfiguration;
			buildSettings = {
				ALWAYS_SEARCH_USER_PATHS = NO;
				ASSETCATALOG_COMPILER_GENERATE_SWIFT_ASSET_SYMBOL_EXTENSIONS = YES;
				CLANG_ANALYZER_NONNULL = YES;
				CLANG_ANALYZER_NUMBER_OBJECT_CONVERSION = YES_AGGRESSIVE;
				CLANG_CXX_LANGUAGE_STANDARD = "gnu++20";
				CLANG_ENABLE_MODULES = YES;
				CLANG_ENABLE_OBJC_ARC = YES;
				CLANG_ENABLE_OBJC_WEAK = YES;
				CLANG_WARN_BLOCK_CAPTURE_AUTORELEASING = YES;
				CLANG_WARN_BOOL_CONVERSION = YES;
				CLANG_WARN_COMMA = YES;
				CLANG_WARN_CONSTANT_CONVERSION = YES;
				CLANG_WARN_DEPRECATED_OBJC_IMPLEMENTATIONS = YES;
				CLANG_WARN_DIRECT_OBJC_ISA_USAGE = YES_ERROR;
				CLANG_WARN_DOCUMENTATION_COMMENTS = YES;
				CLANG_WARN_EMPTY_BODY = YES;
				CLANG_WARN_ENUM_CONVERSION = YES;
				CLANG_WARN_INFINITE_RECURSION = YES;
				CLANG_WARN_INT_CONVERSION = YES;
				CLANG_WARN_NON_LITERAL_NULL_CONVERSION = YES;
				CLANG_WARN_OBJC_IMPLICIT_RETAIN_SELF = YES;
				CLANG_WARN_OBJC_LITERAL_CONVERSION = YES;
				CLANG_WARN_OBJC_ROOT_CLASS = YES_ERROR;
				CLANG_WARN_QUOTED_INCLUDE_IN_FRAMEWORK_HEADER = YES;
				CLANG_WARN_RANGE_LOOP_ANALYSIS = YES;
				CLANG_WARN_STRICT_PROTOTYPES = YES;
				CLANG_WARN_SUSPICIOUS_MOVE = YES;
				CLANG_WARN_UNGUARDED_AVAILABILITY = YES_AGGRESSIVE;
				CLANG_WARN_UNREACHABLE_CODE = YES;
				CLANG_WARN__DUPLICATE_METHOD_MATCH = YES;
				COPY_PHASE_STRIP = NO;
				DEBUG_INFORMATION_FORMAT = dwarf;
				ENABLE_STRICT_OBJC_MSGSEND = YES;
				ENABLE_TESTABILITY = YES;
				ENABLE_USER_SCRIPT_SANDBOXING = YES;
				GCC_C_LANGUAGE_STANDARD = gnu17;
				GCC_DYNAMIC_NO_PIC = NO;
				GCC_NO_COMMON_BLOCKS = YES;
				GCC_OPTIMIZATION_LEVEL = 0;
				GCC_PREPROCESSOR_DEFINITIONS = (
					"DEBUG=1",
					"$(inherited)",
				);
				GCC_WARN_64_TO_32_BIT_CONVERSION = YES;
				GCC_WARN_ABOUT_RETURN_TYPE = YES_ERROR;
				GCC_WARN_UNDECLARED_SELECTOR = YES;
				GCC_WARN_UNINITIALIZED_AUTOS = YES_AGGRESSIVE;
				GCC_WARN_UNUSED_FUNCTION = YES;
				GCC_WARN_UNUSED_VARIABLE = YES;
				IPHONEOS_DEPLOYMENT_TARGET = 17.4;
				LOCALIZATION_PREFERS_STRING_CATALOGS = YES;
				MTL_ENABLE_DEBUG_INFO = INCLUDE_SOURCE;
				MTL_FAST_MATH = YES;
				ONLY_ACTIVE_ARCH = YES;
				SDKROOT = iphoneos;
				SWIFT_ACTIVE_COMPILATION_CONDITIONS = "DEBUG $(inherited)";
				SWIFT_OPTIMIZATION_LEVEL = "-Onone";
			};
			name = Debug;
		};
		6E9EDD522BED296B007589DE /* Release */ = {
			isa = XCBuildConfiguration;
			buildSettings = {
				ALWAYS_SEARCH_USER_PATHS = NO;
				ASSETCATALOG_COMPILER_GENERATE_SWIFT_ASSET_SYMBOL_EXTENSIONS = YES;
				CLANG_ANALYZER_NONNULL = YES;
				CLANG_ANALYZER_NUMBER_OBJECT_CONVERSION = YES_AGGRESSIVE;
				CLANG_CXX_LANGUAGE_STANDARD = "gnu++20";
				CLANG_ENABLE_MODULES = YES;
				CLANG_ENABLE_OBJC_ARC = YES;
				CLANG_ENABLE_OBJC_WEAK = YES;
				CLANG_WARN_BLOCK_CAPTURE_AUTORELEASING = YES;
				CLANG_WARN_BOOL_CONVERSION = YES;
				CLANG_WARN_COMMA = YES;
				CLANG_WARN_CONSTANT_CONVERSION = YES;
				CLANG_WARN_DEPRECATED_OBJC_IMPLEMENTATIONS = YES;
				CLANG_WARN_DIRECT_OBJC_ISA_USAGE = YES_ERROR;
				CLANG_WARN_DOCUMENTATION_COMMENTS = YES;
				CLANG_WARN_EMPTY_BODY = YES;
				CLANG_WARN_ENUM_CONVERSION = YES;
				CLANG_WARN_INFINITE_RECURSION = YES;
				CLANG_WARN_INT_CONVERSION = YES;
				CLANG_WARN_NON_LITERAL_NULL_CONVERSION = YES;
				CLANG_WARN_OBJC_IMPLICIT_RETAIN_SELF = YES;
				CLANG_WARN_OBJC_LITERAL_CONVERSION = YES;
				CLANG_WARN_OBJC_ROOT_CLASS = YES_ERROR;
				CLANG_WARN_QUOTED_INCLUDE_IN_FRAMEWORK_HEADER = YES;
				CLANG_WARN_RANGE_LOOP_ANALYSIS = YES;
				CLANG_WARN_STRICT_PROTOTYPES = YES;
				CLANG_WARN_SUSPICIOUS_MOVE = YES;
				CLANG_WARN_UNGUARDED_AVAILABILITY = YES_AGGRESSIVE;
				CLANG_WARN_UNREACHABLE_CODE = YES;
				CLANG_WARN__DUPLICATE_METHOD_MATCH = YES;
				COPY_PHASE_STRIP = NO;
				DEBUG_INFORMATION_FORMAT = "dwarf-with-dsym";
				ENABLE_NS_ASSERTIONS = NO;
				ENABLE_STRICT_OBJC_MSGSEND = YES;
				ENABLE_USER_SCRIPT_SANDBOXING = YES;
				GCC_C_LANGUAGE_STANDARD = gnu17;
				GCC_NO_COMMON_BLOCKS = YES;
				GCC_WARN_64_TO_32_BIT_CONVERSION = YES;
				GCC_WARN_ABOUT_RETURN_TYPE = YES_ERROR;
				GCC_WARN_UNDECLARED_SELECTOR = YES;
				GCC_WARN_UNINITIALIZED_AUTOS = YES_AGGRESSIVE;
				GCC_WARN_UNUSED_FUNCTION = YES;
				GCC_WARN_UNUSED_VARIABLE = YES;
				IPHONEOS_DEPLOYMENT_TARGET = 17.4;
				LOCALIZATION_PREFERS_STRING_CATALOGS = YES;
				MTL_ENABLE_DEBUG_INFO = NO;
				MTL_FAST_MATH = YES;
				SDKROOT = iphoneos;
				SWIFT_COMPILATION_MODE = wholemodule;
				VALIDATE_PRODUCT = YES;
			};
			name = Release;
		};
		6E9EDD542BED296B007589DE /* Debug */ = {
			isa = XCBuildConfiguration;
			buildSettings = {
				ASSETCATALOG_COMPILER_APPICON_NAME = AppIcon;
				ASSETCATALOG_COMPILER_GLOBAL_ACCENT_COLOR_NAME = AccentColor;
				CODE_SIGN_STYLE = Automatic;
				CURRENT_PROJECT_VERSION = 1;
				GENERATE_INFOPLIST_FILE = YES;
				INFOPLIST_FILE = SportSync/Info.plist;
				INFOPLIST_KEY_UIApplicationSupportsIndirectInputEvents = YES;
				INFOPLIST_KEY_UILaunchStoryboardName = LaunchScreen;
				INFOPLIST_KEY_UIMainStoryboardFile = Main;
				INFOPLIST_KEY_UISupportedInterfaceOrientations_iPad = "UIInterfaceOrientationPortrait UIInterfaceOrientationPortraitUpsideDown UIInterfaceOrientationLandscapeLeft UIInterfaceOrientationLandscapeRight";
				INFOPLIST_KEY_UISupportedInterfaceOrientations_iPhone = "UIInterfaceOrientationPortrait UIInterfaceOrientationLandscapeLeft UIInterfaceOrientationLandscapeRight";
				LD_RUNPATH_SEARCH_PATHS = (
					"$(inherited)",
					"@executable_path/Frameworks",
				);
				MARKETING_VERSION = 1.0;
				PRODUCT_BUNDLE_IDENTIFIER = non.SportSync;
				PRODUCT_NAME = "$(TARGET_NAME)";
				SWIFT_EMIT_LOC_STRINGS = YES;
				SWIFT_VERSION = 5.0;
				TARGETED_DEVICE_FAMILY = "1,2";
			};
			name = Debug;
		};
		6E9EDD552BED296B007589DE /* Release */ = {
			isa = XCBuildConfiguration;
			buildSettings = {
				ASSETCATALOG_COMPILER_APPICON_NAME = AppIcon;
				ASSETCATALOG_COMPILER_GLOBAL_ACCENT_COLOR_NAME = AccentColor;
				CODE_SIGN_STYLE = Automatic;
				CURRENT_PROJECT_VERSION = 1;
				GENERATE_INFOPLIST_FILE = YES;
				INFOPLIST_FILE = SportSync/Info.plist;
				INFOPLIST_KEY_UIApplicationSupportsIndirectInputEvents = YES;
				INFOPLIST_KEY_UILaunchStoryboardName = LaunchScreen;
				INFOPLIST_KEY_UIMainStoryboardFile = Main;
				INFOPLIST_KEY_UISupportedInterfaceOrientations_iPad = "UIInterfaceOrientationPortrait UIInterfaceOrientationPortraitUpsideDown UIInterfaceOrientationLandscapeLeft UIInterfaceOrientationLandscapeRight";
				INFOPLIST_KEY_UISupportedInterfaceOrientations_iPhone = "UIInterfaceOrientationPortrait UIInterfaceOrientationLandscapeLeft UIInterfaceOrientationLandscapeRight";
				LD_RUNPATH_SEARCH_PATHS = (
					"$(inherited)",
					"@executable_path/Frameworks",
				);
				MARKETING_VERSION = 1.0;
				PRODUCT_BUNDLE_IDENTIFIER = non.SportSync;
				PRODUCT_NAME = "$(TARGET_NAME)";
				SWIFT_EMIT_LOC_STRINGS = YES;
				SWIFT_VERSION = 5.0;
				TARGETED_DEVICE_FAMILY = "1,2";
			};
			name = Release;
		};
/* End XCBuildConfiguration section */

/* Begin XCConfigurationList section */
		6E9EDD372BED2968007589DE /* Build configuration list for PBXProject "SportSync" */ = {
			isa = XCConfigurationList;
			buildConfigurations = (
				6E9EDD512BED296B007589DE /* Debug */,
				6E9EDD522BED296B007589DE /* Release */,
			);
			defaultConfigurationIsVisible = 0;
			defaultConfigurationName = Release;
		};
		6E9EDD532BED296B007589DE /* Build configuration list for PBXNativeTarget "SportSync" */ = {
			isa = XCConfigurationList;
			buildConfigurations = (
				6E9EDD542BED296B007589DE /* Debug */,
				6E9EDD552BED296B007589DE /* Release */,
			);
			defaultConfigurationIsVisible = 0;
			defaultConfigurationName = Release;
		};
/* End XCConfigurationList section */

/* Begin XCRemoteSwiftPackageReference section */
		0F4179A02BF3A09000C7ABF4 /* XCRemoteSwiftPackageReference "Reachability" */ = {
			isa = XCRemoteSwiftPackageReference;
			repositoryURL = "https://github.com/ashleymills/Reachability.swift";
			requirement = {
				branch = master;
				kind = branch;
			};
		};
		0F5E08DD2BEF8CF200821DDB /* XCRemoteSwiftPackageReference "Cosmos" */ = {
			isa = XCRemoteSwiftPackageReference;
			repositoryURL = "https://github.com/evgenyneu/Cosmos.git";
			requirement = {
				kind = upToNextMajorVersion;
				minimumVersion = 25.0.1;
			};
		};
		0F5E08E02BEF8D2A00821DDB /* XCRemoteSwiftPackageReference "Alamofire" */ = {
			isa = XCRemoteSwiftPackageReference;
			repositoryURL = "https://github.com/Alamofire/Alamofire.git";
			requirement = {
				kind = upToNextMajorVersion;
				minimumVersion = 5.9.1;
			};
		};
		0F5FC4512BF4D7E50000137A /* XCRemoteSwiftPackageReference "Kingfisher" */ = {
			isa = XCRemoteSwiftPackageReference;
			repositoryURL = "https://github.com/onevcat/Kingfisher.git";
			requirement = {
				kind = upToNextMajorVersion;
				minimumVersion = 7.11.0;
			};
		};
		6EA887E92BF3E60A00F7C1D2 /* XCRemoteSwiftPackageReference "lottie-spm" */ = {
			isa = XCRemoteSwiftPackageReference;
			repositoryURL = "https://github.com/airbnb/lottie-spm.git";
			requirement = {
				kind = upToNextMajorVersion;
				minimumVersion = 4.4.3;
			};
		};
/* End XCRemoteSwiftPackageReference section */

/* Begin XCSwiftPackageProductDependency section */
		0F4179A12BF3A09000C7ABF4 /* Reachability */ = {
			isa = XCSwiftPackageProductDependency;
			package = 0F4179A02BF3A09000C7ABF4 /* XCRemoteSwiftPackageReference "Reachability" */;
			productName = Reachability;
		};
		0F5E08DE2BEF8CF200821DDB /* Cosmos */ = {
			isa = XCSwiftPackageProductDependency;
			package = 0F5E08DD2BEF8CF200821DDB /* XCRemoteSwiftPackageReference "Cosmos" */;
			productName = Cosmos;
		};
		0F5E08E12BEF8D2A00821DDB /* Alamofire */ = {
			isa = XCSwiftPackageProductDependency;
			package = 0F5E08E02BEF8D2A00821DDB /* XCRemoteSwiftPackageReference "Alamofire" */;
			productName = Alamofire;
		};
		0F5E08E32BEF8D2A00821DDB /* AlamofireDynamic */ = {
			isa = XCSwiftPackageProductDependency;
			package = 0F5E08E02BEF8D2A00821DDB /* XCRemoteSwiftPackageReference "Alamofire" */;
			productName = AlamofireDynamic;
		};
		0F5FC4522BF4D7E50000137A /* Kingfisher */ = {
			isa = XCSwiftPackageProductDependency;
			package = 0F5FC4512BF4D7E50000137A /* XCRemoteSwiftPackageReference "Kingfisher" */;
			productName = Kingfisher;
		};
		6EA887EA2BF3E60A00F7C1D2 /* Lottie */ = {
			isa = XCSwiftPackageProductDependency;
			package = 6EA887E92BF3E60A00F7C1D2 /* XCRemoteSwiftPackageReference "lottie-spm" */;
			productName = Lottie;
		};
/* End XCSwiftPackageProductDependency section */

/* Begin XCVersionGroup section */
		6E9EDD482BED2968007589DE /* SportSync.xcdatamodeld */ = {
			isa = XCVersionGroup;
			children = (
				6E9EDD492BED2968007589DE /* SportSync.xcdatamodel */,
			);
			currentVersion = 6E9EDD492BED2968007589DE /* SportSync.xcdatamodel */;
			path = SportSync.xcdatamodeld;
			sourceTree = "<group>";
			versionGroupType = wrapper.xcdatamodel;
		};
/* End XCVersionGroup section */
	};
	rootObject = 6E9EDD342BED2968007589DE /* Project object */;
}
